
Microsoft Visual Studio Solution File, Format Version 12.00
# Visual Studio Version 17
VisualStudioVersion = 17.0.31903.59
MinimumVisualStudioVersion = 10.0.40219.1
Project("{2150E333-8FDC-42A3-9474-1A3956D46DE8}") = "src", "src", "{827E0CD3-B72D-47B6-A68D-7590B98EB39B}"
EndProject
Project("{FAE04EC0-301F-11D3-BF4B-00C04F79EFBC}") = "LocalLLM.Core", "src\LocalLLM.Core\LocalLLM.Core.csproj", "{C0F54F16-BED4-4636-9D77-28913A66CA3A}"
EndProject
Project("{FAE04EC0-301F-11D3-BF4B-00C04F79EFBC}") = "LocalLLM.App", "src\LocalLLM.App\LocalLLM.App.csproj", "{E01CE16C-9490-47D0-B7A3-CF84F4B9EBF6}"
EndProject
Project("{2150E333-8FDC-42A3-9474-1A3956D46DE8}") = "tests", "tests", "{0AB3BF05-4346-4AA6-1389-037BE0695223}"
EndProject
Project("{FAE04EC0-301F-11D3-BF4B-00C04F79EFBC}") = "LocalLLM.Tests", "tests\LocalLLM.Tests\LocalLLM.Tests.csproj", "{24EF6173-8087-47B4-A73E-FF9FB99BAC7D}"
EndProject
Project("{FAE04EC0-301F-11D3-BF4B-00C04F79EFBC}") = "LocalLLM.Llm", "src\LocalLLM.Llm\LocalLLM.Llm.csproj", "{B06FA242-A58D-4B7D-BB2A-7563527EB078}"
EndProject
Project("{2150E333-8FDC-42A3-9474-1A3956D46DE8}") = "samples", "samples", "{5D20AA90-6969-D8BD-9DCD-8634F4692FDA}"
EndProject
Project("{FAE04EC0-301F-11D3-BF4B-00C04F79EFBC}") = "EmbeddedIntegration", "samples\EmbeddedIntegration\EmbeddedIntegration.csproj", "{F8C80E85-B3C1-474A-B796-007E0F3BB51C}"
EndProject
Project("{2150E333-8FDC-42A3-9474-1A3956D46DE8}") = "tools", "tools", "{07C2787E-EAC7-C090-1BA3-A61EC2A24D84}"
EndProject
Project("{FAE04EC0-301F-11D3-BF4B-00C04F79EFBC}") = "LocalLLM.Indexer", "tools\LocalLLM.Indexer\LocalLLM.Indexer.csproj", "{2DEA50B1-EB94-4302-812E-E7CAD9E08BAE}"
EndProject
Global
	GlobalSection(SolutionConfigurationPlatforms) = preSolution
		Debug|Any CPU = Debug|Any CPU
		Debug|x64 = Debug|x64
		Debug|x86 = Debug|x86
		Release|Any CPU = Release|Any CPU
		Release|x64 = Release|x64
		Release|x86 = Release|x86
	EndGlobalSection
	GlobalSection(ProjectConfigurationPlatforms) = postSolution
		{C0F54F16-BED4-4636-9D77-28913A66CA3A}.Debug|Any CPU.ActiveCfg = Debug|Any CPU
		{C0F54F16-BED4-4636-9D77-28913A66CA3A}.Debug|Any CPU.Build.0 = Debug|Any CPU
		{C0F54F16-BED4-4636-9D77-28913A66CA3A}.Debug|x64.ActiveCfg = Debug|Any CPU
		{C0F54F16-BED4-4636-9D77-28913A66CA3A}.Debug|x64.Build.0 = Debug|Any CPU
		{C0F54F16-BED4-4636-9D77-28913A66CA3A}.Debug|x86.ActiveCfg = Debug|Any CPU
		{C0F54F16-BED4-4636-9D77-28913A66CA3A}.Debug|x86.Build.0 = Debug|Any CPU
		{C0F54F16-BED4-4636-9D77-28913A66CA3A}.Release|Any CPU.ActiveCfg = Release|Any CPU
		{C0F54F16-BED4-4636-9D77-28913A66CA3A}.Release|Any CPU.Build.0 = Release|Any CPU
		{C0F54F16-BED4-4636-9D77-28913A66CA3A}.Release|x64.ActiveCfg = Release|Any CPU
		{C0F54F16-BED4-4636-9D77-28913A66CA3A}.Release|x64.Build.0 = Release|Any CPU
		{C0F54F16-BED4-4636-9D77-28913A66CA3A}.Release|x86.ActiveCfg = Release|Any CPU
		{C0F54F16-BED4-4636-9D77-28913A66CA3A}.Release|x86.Build.0 = Release|Any CPU
		{E01CE16C-9490-47D0-B7A3-CF84F4B9EBF6}.Debug|Any CPU.ActiveCfg = Debug|Any CPU
		{E01CE16C-9490-47D0-B7A3-CF84F4B9EBF6}.Debug|Any CPU.Build.0 = Debug|Any CPU
		{E01CE16C-9490-47D0-B7A3-CF84F4B9EBF6}.Debug|x64.ActiveCfg = Debug|Any CPU
		{E01CE16C-9490-47D0-B7A3-CF84F4B9EBF6}.Debug|x64.Build.0 = Debug|Any CPU
		{E01CE16C-9490-47D0-B7A3-CF84F4B9EBF6}.Debug|x86.ActiveCfg = Debug|Any CPU
		{E01CE16C-9490-47D0-B7A3-CF84F4B9EBF6}.Debug|x86.Build.0 = Debug|Any CPU
		{E01CE16C-9490-47D0-B7A3-CF84F4B9EBF6}.Release|Any CPU.ActiveCfg = Release|Any CPU
		{E01CE16C-9490-47D0-B7A3-CF84F4B9EBF6}.Release|Any CPU.Build.0 = Release|Any CPU
		{E01CE16C-9490-47D0-B7A3-CF84F4B9EBF6}.Release|x64.ActiveCfg = Release|Any CPU
		{E01CE16C-9490-47D0-B7A3-CF84F4B9EBF6}.Release|x64.Build.0 = Release|Any CPU
		{E01CE16C-9490-47D0-B7A3-CF84F4B9EBF6}.Release|x86.ActiveCfg = Release|Any CPU
		{E01CE16C-9490-47D0-B7A3-CF84F4B9EBF6}.Release|x86.Build.0 = Release|Any CPU
		{24EF6173-8087-47B4-A73E-FF9FB99BAC7D}.Debug|Any CPU.ActiveCfg = Debug|Any CPU
		{24EF6173-8087-47B4-A73E-FF9FB99BAC7D}.Debug|Any CPU.Build.0 = Debug|Any CPU
		{24EF6173-8087-47B4-A73E-FF9FB99BAC7D}.Debug|x64.ActiveCfg = Debug|Any CPU
		{24EF6173-8087-47B4-A73E-FF9FB99BAC7D}.Debug|x64.Build.0 = Debug|Any CPU
		{24EF6173-8087-47B4-A73E-FF9FB99BAC7D}.Debug|x86.ActiveCfg = Debug|Any CPU
		{24EF6173-8087-47B4-A73E-FF9FB99BAC7D}.Debug|x86.Build.0 = Debug|Any CPU
		{24EF6173-8087-47B4-A73E-FF9FB99BAC7D}.Release|Any CPU.ActiveCfg = Release|Any CPU
		{24EF6173-8087-47B4-A73E-FF9FB99BAC7D}.Release|Any CPU.Build.0 = Release|Any CPU
		{24EF6173-8087-47B4-A73E-FF9FB99BAC7D}.Release|x64.ActiveCfg = Release|Any CPU
		{24EF6173-8087-47B4-A73E-FF9FB99BAC7D}.Release|x64.Build.0 = Release|Any CPU
		{24EF6173-8087-47B4-A73E-FF9FB99BAC7D}.Release|x86.ActiveCfg = Release|Any CPU
		{24EF6173-8087-47B4-A73E-FF9FB99BAC7D}.Release|x86.Build.0 = Release|Any CPU
		{B06FA242-A58D-4B7D-BB2A-7563527EB078}.Debug|Any CPU.ActiveCfg = Debug|Any CPU
		{B06FA242-A58D-4B7D-BB2A-7563527EB078}.Debug|Any CPU.Build.0 = Debug|Any CPU
		{B06FA242-A58D-4B7D-BB2A-7563527EB078}.Debug|x64.ActiveCfg = Debug|Any CPU
		{B06FA242-A58D-4B7D-BB2A-7563527EB078}.Debug|x64.Build.0 = Debug|Any CPU
		{B06FA242-A58D-4B7D-BB2A-7563527EB078}.Debug|x86.ActiveCfg = Debug|Any CPU
		{B06FA242-A58D-4B7D-BB2A-7563527EB078}.Debug|x86.Build.0 = Debug|Any CPU
		{B06FA242-A58D-4B7D-BB2A-7563527EB078}.Release|Any CPU.ActiveCfg = Release|Any CPU
		{B06FA242-A58D-4B7D-BB2A-7563527EB078}.Release|Any CPU.Build.0 = Release|Any CPU
		{B06FA242-A58D-4B7D-BB2A-7563527EB078}.Release|x64.ActiveCfg = Release|Any CPU
		{B06FA242-A58D-4B7D-BB2A-7563527EB078}.Release|x64.Build.0 = Release|Any CPU
		{B06FA242-A58D-4B7D-BB2A-7563527EB078}.Release|x86.ActiveCfg = Release|Any CPU
		{B06FA242-A58D-4B7D-BB2A-7563527EB078}.Release|x86.Build.0 = Release|Any CPU
		{F8C80E85-B3C1-474A-B796-007E0F3BB51C}.Debug|Any CPU.ActiveCfg = Debug|Any CPU
		{F8C80E85-B3C1-474A-B796-007E0F3BB51C}.Debug|Any CPU.Build.0 = Debug|Any CPU
		{F8C80E85-B3C1-474A-B796-007E0F3BB51C}.Debug|x64.ActiveCfg = Debug|Any CPU
		{F8C80E85-B3C1-474A-B796-007E0F3BB51C}.Debug|x64.Build.0 = Debug|Any CPU
		{F8C80E85-B3C1-474A-B796-007E0F3BB51C}.Debug|x86.ActiveCfg = Debug|Any CPU
		{F8C80E85-B3C1-474A-B796-007E0F3BB51C}.Debug|x86.Build.0 = Debug|Any CPU
		{F8C80E85-B3C1-474A-B796-007E0F3BB51C}.Release|Any CPU.ActiveCfg = Release|Any CPU
		{F8C80E85-B3C1-474A-B796-007E0F3BB51C}.Release|Any CPU.Build.0 = Release|Any CPU
		{F8C80E85-B3C1-474A-B796-007E0F3BB51C}.Release|x64.ActiveCfg = Release|Any CPU
		{F8C80E85-B3C1-474A-B796-007E0F3BB51C}.Release|x64.Build.0 = Release|Any CPU
		{F8C80E85-B3C1-474A-B796-007E0F3BB51C}.Release|x86.ActiveCfg = Release|Any CPU
		{F8C80E85-B3C1-474A-B796-007E0F3BB51C}.Release|x86.Build.0 = Release|Any CPU
		{2DEA50B1-EB94-4302-812E-E7CAD9E08BAE}.Debug|Any CPU.ActiveCfg = Debug|Any CPU
		{2DEA50B1-EB94-4302-812E-E7CAD9E08BAE}.Debug|Any CPU.Build.0 = Debug|Any CPU
		{2DEA50B1-EB94-4302-812E-E7CAD9E08BAE}.Debug|x64.ActiveCfg = Debug|Any CPU
		{2DEA50B1-EB94-4302-812E-E7CAD9E08BAE}.Debug|x64.Build.0 = Debug|Any CPU
		{2DEA50B1-EB94-4302-812E-E7CAD9E08BAE}.Debug|x86.ActiveCfg = Debug|Any CPU
		{2DEA50B1-EB94-4302-812E-E7CAD9E08BAE}.Debug|x86.Build.0 = Debug|Any CPU
		{2DEA50B1-EB94-4302-812E-E7CAD9E08BAE}.Release|Any CPU.ActiveCfg = Release|Any CPU
		{2DEA50B1-EB94-4302-812E-E7CAD9E08BAE}.Release|Any CPU.Build.0 = Release|Any CPU
		{2DEA50B1-EB94-4302-812E-E7CAD9E08BAE}.Release|x64.ActiveCfg = Release|Any CPU
		{2DEA50B1-EB94-4302-812E-E7CAD9E08BAE}.Release|x64.Build.0 = Release|Any CPU
		{2DEA50B1-EB94-4302-812E-E7CAD9E08BAE}.Release|x86.ActiveCfg = Release|Any CPU
		{2DEA50B1-EB94-4302-812E-E7CAD9E08BAE}.Release|x86.Build.0 = Release|Any CPU
	EndGlobalSection
	GlobalSection(SolutionProperties) = preSolution
		HideSolutionNode = FALSE
	EndGlobalSection
	GlobalSection(NestedProjects) = preSolution
		{C0F54F16-BED4-4636-9D77-28913A66CA3A} = {827E0CD3-B72D-47B6-A68D-7590B98EB39B}
		{E01CE16C-9490-47D0-B7A3-CF84F4B9EBF6} = {827E0CD3-B72D-47B6-A68D-7590B98EB39B}
		{24EF6173-8087-47B4-A73E-FF9FB99BAC7D} = {0AB3BF05-4346-4AA6-1389-037BE0695223}
		{B06FA242-A58D-4B7D-BB2A-7563527EB078} = {827E0CD3-B72D-47B6-A68D-7590B98EB39B}
		{F8C80E85-B3C1-474A-B796-007E0F3BB51C} = {5D20AA90-6969-D8BD-9DCD-8634F4692FDA}
		{2DEA50B1-EB94-4302-812E-E7CAD9E08BAE} = {07C2787E-EAC7-C090-1BA3-A61EC2A24D84}
	EndGlobalSection
EndGlobal
